
Microsoft Visual Studio Solution File, Format Version 12.00
# Visual Studio 14
VisualStudioVersion = 14.0.25420.1
MinimumVisualStudioVersion = 10.0.40219.1
Project("{FAE04EC0-301F-11D3-BF4B-00C04F79EFBC}") = "DDDDemo.Repository", "DDDDemo.Repository\DDDDemo.Repository.csproj", "{CF832B25-85E6-48DD-816E-FB0C299A7DFB}"
EndProject
Project("{FAE04EC0-301F-11D3-BF4B-00C04F79EFBC}") = "DDDDemo.Domain", "DDDDemo.Domain\DDDDemo.Domain.csproj", "{536226CE-EB50-4396-A2DF-05FBAA1150D7}"
EndProject
Project("{FAE04EC0-301F-11D3-BF4B-00C04F79EFBC}") = "DDDDemo.Domain.EntityFramework", "DDDDemo.Domain.EntityFramework\DDDDemo.Domain.EntityFramework.csproj", "{101EADE9-83B8-4411-9106-DCBA462BD3CB}"
EndProject
Project("{FAE04EC0-301F-11D3-BF4B-00C04F79EFBC}") = "DDDDemo.Repository.EntityFramework", "DDDDemo.Repository.EntityFramework\DDDDemo.Repository.EntityFramework.csproj", "{E3269349-1AA3-4D73-B3F1-62F3768086B2}"
EndProject
Project("{FAE04EC0-301F-11D3-BF4B-00C04F79EFBC}") = "DDDDemo.Domain.NHibernate", "DDDDemo.Domain.NHibernate\DDDDemo.Domain.NHibernate.csproj", "{E7003A23-872D-4753-BEDF-68C29C42770D}"
EndProject
Project("{FAE04EC0-301F-11D3-BF4B-00C04F79EFBC}") = "DDDDemo.Repository.NHibernate", "DDDDemo.Repository.NHibernate\DDDDemo.Repository.NHibernate.csproj", "{8070635C-F3C5-4E8C-8885-006F71239E1E}"
EndProject
Global
	GlobalSection(SolutionConfigurationPlatforms) = preSolution
		Debug|Any CPU = Debug|Any CPU
		Release|Any CPU = Release|Any CPU
	EndGlobalSection
	GlobalSection(ProjectConfigurationPlatforms) = postSolution
		{CF832B25-85E6-48DD-816E-FB0C299A7DFB}.Debug|Any CPU.ActiveCfg = Debug|Any CPU
		{CF832B25-85E6-48DD-816E-FB0C299A7DFB}.Debug|Any CPU.Build.0 = Debug|Any CPU
		{CF832B25-85E6-48DD-816E-FB0C299A7DFB}.Release|Any CPU.ActiveCfg = Release|Any CPU
		{CF832B25-85E6-48DD-816E-FB0C299A7DFB}.Release|Any CPU.Build.0 = Release|Any CPU
		{536226CE-EB50-4396-A2DF-05FBAA1150D7}.Debug|Any CPU.ActiveCfg = Debug|Any CPU
		{536226CE-EB50-4396-A2DF-05FBAA1150D7}.Debug|Any CPU.Build.0 = Debug|Any CPU
		{536226CE-EB50-4396-A2DF-05FBAA1150D7}.Release|Any CPU.ActiveCfg = Release|Any CPU
		{536226CE-EB50-4396-A2DF-05FBAA1150D7}.Release|Any CPU.Build.0 = Release|Any CPU
		{101EADE9-83B8-4411-9106-DCBA462BD3CB}.Debug|Any CPU.ActiveCfg = Debug|Any CPU
		{101EADE9-83B8-4411-9106-DCBA462BD3CB}.Debug|Any CPU.Build.0 = Debug|Any CPU
		{101EADE9-83B8-4411-9106-DCBA462BD3CB}.Release|Any CPU.ActiveCfg = Release|Any CPU
		{101EADE9-83B8-4411-9106-DCBA462BD3CB}.Release|Any CPU.Build.0 = Release|Any CPU
		{E3269349-1AA3-4D73-B3F1-62F3768086B2}.Debug|Any CPU.ActiveCfg = Debug|Any CPU
		{E3269349-1AA3-4D73-B3F1-62F3768086B2}.Debug|Any CPU.Build.0 = Debug|Any CPU
		{E3269349-1AA3-4D73-B3F1-62F3768086B2}.Release|Any CPU.ActiveCfg = Release|Any CPU
		{E3269349-1AA3-4D73-B3F1-62F3768086B2}.Release|Any CPU.Build.0 = Release|Any CPU
		{E7003A23-872D-4753-BEDF-68C29C42770D}.Debug|Any CPU.ActiveCfg = Debug|Any CPU
		{E7003A23-872D-4753-BEDF-68C29C42770D}.Debug|Any CPU.Build.0 = Debug|Any CPU
		{E7003A23-872D-4753-BEDF-68C29C42770D}.Release|Any CPU.ActiveCfg = Release|Any CPU
		{E7003A23-872D-4753-BEDF-68C29C42770D}.Release|Any CPU.Build.0 = Release|Any CPU
		{8070635C-F3C5-4E8C-8885-006F71239E1E}.Debug|Any CPU.ActiveCfg = Debug|Any CPU
		{8070635C-F3C5-4E8C-8885-006F71239E1E}.Debug|Any CPU.Build.0 = Debug|Any CPU
		{8070635C-F3C5-4E8C-8885-006F71239E1E}.Release|Any CPU.ActiveCfg = Release|Any CPU
		{8070635C-F3C5-4E8C-8885-006F71239E1E}.Release|Any CPU.Build.0 = Release|Any CPU
	EndGlobalSection
	GlobalSection(SolutionProperties) = preSolution
		HideSolutionNode = FALSE
	EndGlobalSection
EndGlobal
